
Microsoft Visual Studio Solution File, Format Version 12.00
# Visual Studio Version 16
VisualStudioVersion = 16.0.30413.136
MinimumVisualStudioVersion = 10.0.40219.1
Project("{9092AA53-FB77-4645-B42D-1CCCA6BD08BD}") = "Solstudie", "Solstudie\Solstudie.njsproj", "{561EFB57-AEA5-4AE4-BEA7-1E6CA4ACB9E1}"
EndProject
Global
	GlobalSection(SolutionConfigurationPlatforms) = preSolution
		Debug|Any CPU = Debug|Any CPU
		Release|Any CPU = Release|Any CPU
	EndGlobalSection
	GlobalSection(ProjectConfigurationPlatforms) = postSolution
		{561EFB57-AEA5-4AE4-BEA7-1E6CA4ACB9E1}.Debug|Any CPU.ActiveCfg = Debug|Any CPU
		{561EFB57-AEA5-4AE4-BEA7-1E6CA4ACB9E1}.Debug|Any CPU.Build.0 = Debug|Any CPU
		{561EFB57-AEA5-4AE4-BEA7-1E6CA4ACB9E1}.Release|Any CPU.ActiveCfg = Release|Any CPU
		{561EFB57-AEA5-4AE4-BEA7-1E6CA4ACB9E1}.Release|Any CPU.Build.0 = Release|Any CPU
	EndGlobalSection
	GlobalSection(SolutionProperties) = preSolution
		HideSolutionNode = FALSE
	EndGlobalSection
	GlobalSection(ExtensibilityGlobals) = postSolution
		SolutionGuid = {CBCBB938-19B3-4BCE-829D-8DB3E2FD2291}
	EndGlobalSection
EndGlobal
